
Microsoft Visual Studio Solution File, Format Version 12.00
# Visual Studio Version 17
VisualStudioVersion = 17.1.32414.318
MinimumVisualStudioVersion = 10.0.40219.1
Project("{FAE04EC0-301F-11D3-BF4B-00C04F79EFBC}") = "HelloASPDotNet", "HelloASPDotNet.csproj", "{A5800F27-6441-4D0D-8AEC-7E5454772261}"
EndProject
Global
	GlobalSection(SolutionConfigurationPlatforms) = preSolution
		Debug|Any CPU = Debug|Any CPU
		Release|Any CPU = Release|Any CPU
	EndGlobalSection
	GlobalSection(ProjectConfigurationPlatforms) = postSolution
		{A5800F27-6441-4D0D-8AEC-7E5454772261}.Debug|Any CPU.ActiveCfg = Debug|Any CPU
		{A5800F27-6441-4D0D-8AEC-7E5454772261}.Debug|Any CPU.Build.0 = Debug|Any CPU
		{A5800F27-6441-4D0D-8AEC-7E5454772261}.Release|Any CPU.ActiveCfg = Release|Any CPU
		{A5800F27-6441-4D0D-8AEC-7E5454772261}.Release|Any CPU.Build.0 = Release|Any CPU
	EndGlobalSection
	GlobalSection(SolutionProperties) = preSolution
		HideSolutionNode = FALSE
	EndGlobalSection
	GlobalSection(ExtensibilityGlobals) = postSolution
		SolutionGuid = {893FFE06-3629-43A3-867C-072C1FC0C656}
	EndGlobalSection
EndGlobal
